
Microsoft Visual Studio Solution File, Format Version 12.00
# Visual Studio Version 17
VisualStudioVersion = 17.4.33403.182
MinimumVisualStudioVersion = 10.0.40219.1
Project("{FAE04EC0-301F-11D3-BF4B-00C04F79EFBC}") = "NotePad", "NotePad.csproj", "{F63ECB71-AAAB-43A9-B543-2E4BBE3F5F0E}"
EndProject
Global
	GlobalSection(SolutionConfigurationPlatforms) = preSolution
		Debug|Any CPU = Debug|Any CPU
		Release|Any CPU = Release|Any CPU
	EndGlobalSection
	GlobalSection(ProjectConfigurationPlatforms) = postSolution
		{F63ECB71-AAAB-43A9-B543-2E4BBE3F5F0E}.Debug|Any CPU.ActiveCfg = Debug|Any CPU
		{F63ECB71-AAAB-43A9-B543-2E4BBE3F5F0E}.Debug|Any CPU.Build.0 = Debug|Any CPU
		{F63ECB71-AAAB-43A9-B543-2E4BBE3F5F0E}.Release|Any CPU.ActiveCfg = Release|Any CPU
		{F63ECB71-AAAB-43A9-B543-2E4BBE3F5F0E}.Release|Any CPU.Build.0 = Release|Any CPU
	EndGlobalSection
	GlobalSection(SolutionProperties) = preSolution
		HideSolutionNode = FALSE
	EndGlobalSection
	GlobalSection(ExtensibilityGlobals) = postSolution
		SolutionGuid = {B5215939-8D7F-4FB2-BDA8-E1E0D1ABBF02}
	EndGlobalSection
EndGlobal
